
Microsoft Visual Studio Solution File, Format Version 12.00
# Visual Studio 14
VisualStudioVersion = 14.0.24720.0
MinimumVisualStudioVersion = 10.0.40219.1
Project("{F2A71F9B-5D33-465A-A702-920D77279786}") = "Numsense", "Numsense\Numsense.fsproj", "{72A79661-F252-4571-A857-268CE356E88A}"
EndProject
Project("{F2A71F9B-5D33-465A-A702-920D77279786}") = "Numsense.UnitTests", "Numsense.UnitTests\Numsense.UnitTests.fsproj", "{FC7BD508-0445-428A-AC8C-2DDCA3EFEADE}"
EndProject
Project("{FAE04EC0-301F-11D3-BF4B-00C04F79EFBC}") = "Numsense.UnitTests.CSharp", "Numsense.UnitTests.CSharp\Numsense.UnitTests.CSharp.csproj", "{5FEBD8A6-3ED8-4E4F-B484-DE4CB77B6034}"
EndProject
Project("{2150E333-8FDC-42A3-9474-1A3956D46DE8}") = "Solution Items", "Solution Items", "{98273287-AB32-4958-B4C2-47D77A7D42F0}"
	ProjectSection(SolutionItems) = preProject
		Build.fsx = Build.fsx
		build.sh = build.sh
		CONTRIBUTING.md = CONTRIBUTING.md
		LICENCE.txt = LICENCE.txt
		Numsense.nuspec = Numsense.nuspec
		README.md = README.md
	EndProjectSection
EndProject
Global
	GlobalSection(SolutionConfigurationPlatforms) = preSolution
		Debug|Any CPU = Debug|Any CPU
		Release|Any CPU = Release|Any CPU
	EndGlobalSection
	GlobalSection(ProjectConfigurationPlatforms) = postSolution
		{72A79661-F252-4571-A857-268CE356E88A}.Debug|Any CPU.ActiveCfg = Debug|Any CPU
		{72A79661-F252-4571-A857-268CE356E88A}.Debug|Any CPU.Build.0 = Debug|Any CPU
		{72A79661-F252-4571-A857-268CE356E88A}.Release|Any CPU.ActiveCfg = Release|Any CPU
		{72A79661-F252-4571-A857-268CE356E88A}.Release|Any CPU.Build.0 = Release|Any CPU
		{FC7BD508-0445-428A-AC8C-2DDCA3EFEADE}.Debug|Any CPU.ActiveCfg = Debug|Any CPU
		{FC7BD508-0445-428A-AC8C-2DDCA3EFEADE}.Debug|Any CPU.Build.0 = Debug|Any CPU
		{FC7BD508-0445-428A-AC8C-2DDCA3EFEADE}.Release|Any CPU.ActiveCfg = Release|Any CPU
		{FC7BD508-0445-428A-AC8C-2DDCA3EFEADE}.Release|Any CPU.Build.0 = Release|Any CPU
		{5FEBD8A6-3ED8-4E4F-B484-DE4CB77B6034}.Debug|Any CPU.ActiveCfg = Debug|Any CPU
		{5FEBD8A6-3ED8-4E4F-B484-DE4CB77B6034}.Debug|Any CPU.Build.0 = Debug|Any CPU
		{5FEBD8A6-3ED8-4E4F-B484-DE4CB77B6034}.Release|Any CPU.ActiveCfg = Release|Any CPU
		{5FEBD8A6-3ED8-4E4F-B484-DE4CB77B6034}.Release|Any CPU.Build.0 = Release|Any CPU
	EndGlobalSection
	GlobalSection(SolutionProperties) = preSolution
		HideSolutionNode = FALSE
	EndGlobalSection
EndGlobal
